
Microsoft Visual Studio Solution File, Format Version 12.00
# Visual Studio Version 16
VisualStudioVersion = 16.0.31205.134
MinimumVisualStudioVersion = 10.0.40219.1
Project("{9A19103F-16F7-4668-BE54-9A1E7A4F7556}") = "Importer", "Importer\Importer.csproj", "{5E938E59-C0F6-491D-878B-100917B775F3}"
EndProject
Project("{FAE04EC0-301F-11D3-BF4B-00C04F79EFBC}") = "Importer.Tests", "Importer.Tests\Importer.Tests.csproj", "{3D010644-C1C3-4448-B95C-2BF04DE776DF}"
EndProject
Global
	GlobalSection(SolutionConfigurationPlatforms) = preSolution
		Debug|Any CPU = Debug|Any CPU
		Release|Any CPU = Release|Any CPU
	EndGlobalSection
	GlobalSection(ProjectConfigurationPlatforms) = postSolution
		{5E938E59-C0F6-491D-878B-100917B775F3}.Debug|Any CPU.ActiveCfg = Debug|Any CPU
		{5E938E59-C0F6-491D-878B-100917B775F3}.Debug|Any CPU.Build.0 = Debug|Any CPU
		{5E938E59-C0F6-491D-878B-100917B775F3}.Release|Any CPU.ActiveCfg = Release|Any CPU
		{5E938E59-C0F6-491D-878B-100917B775F3}.Release|Any CPU.Build.0 = Release|Any CPU
		{3D010644-C1C3-4448-B95C-2BF04DE776DF}.Debug|Any CPU.ActiveCfg = Debug|Any CPU
		{3D010644-C1C3-4448-B95C-2BF04DE776DF}.Debug|Any CPU.Build.0 = Debug|Any CPU
		{3D010644-C1C3-4448-B95C-2BF04DE776DF}.Release|Any CPU.ActiveCfg = Release|Any CPU
		{3D010644-C1C3-4448-B95C-2BF04DE776DF}.Release|Any CPU.Build.0 = Release|Any CPU
	EndGlobalSection
	GlobalSection(SolutionProperties) = preSolution
		HideSolutionNode = FALSE
	EndGlobalSection
	GlobalSection(ExtensibilityGlobals) = postSolution
		SolutionGuid = {4679B75B-F4F9-4282-BAC9-6D72F3755677}
	EndGlobalSection
EndGlobal
